
Microsoft Visual Studio Solution File, Format Version 12.00
# Visual Studio Version 17
VisualStudioVersion = 17.9.34728.123
MinimumVisualStudioVersion = 10.0.40219.1
Project("{FAE04EC0-301F-11D3-BF4B-00C04F79EFBC}") = "SAC9", "SAC9\SAC9.csproj", "{BCDF075D-2945-428C-B714-2717E73B49A8}"
EndProject
Global
	GlobalSection(SolutionConfigurationPlatforms) = preSolution
		Debug|Any CPU = Debug|Any CPU
		Release|Any CPU = Release|Any CPU
	EndGlobalSection
	GlobalSection(ProjectConfigurationPlatforms) = postSolution
		{BCDF075D-2945-428C-B714-2717E73B49A8}.Debug|Any CPU.ActiveCfg = Debug|Any CPU
		{BCDF075D-2945-428C-B714-2717E73B49A8}.Debug|Any CPU.Build.0 = Debug|Any CPU
		{BCDF075D-2945-428C-B714-2717E73B49A8}.Release|Any CPU.ActiveCfg = Release|Any CPU
		{BCDF075D-2945-428C-B714-2717E73B49A8}.Release|Any CPU.Build.0 = Release|Any CPU
	EndGlobalSection
	GlobalSection(SolutionProperties) = preSolution
		HideSolutionNode = FALSE
	EndGlobalSection
	GlobalSection(ExtensibilityGlobals) = postSolution
		SolutionGuid = {396F0FA9-67E8-4C08-AD24-BF92F615136A}
	EndGlobalSection
EndGlobal
